
Microsoft Visual Studio Solution File, Format Version 12.00
# Visual Studio Version 17
VisualStudioVersion = 17.8.34309.116
MinimumVisualStudioVersion = 10.0.40219.1
Project("{9A19103F-16F7-4668-BE54-9A1E7A4F7556}") = "WHO.NOK.API", "WHO.NOK.API\WHO.NOK.API.csproj", "{FC0D8B09-F013-48C7-9802-ED136C3769FC}"
EndProject
Project("{9A19103F-16F7-4668-BE54-9A1E7A4F7556}") = "WHO.NOK.BusinessLogic", "WHO.NOK.BusinessLogic\WHO.NOK.BusinessLogic.csproj", "{254DFC6C-84A6-4DF9-AF1B-72D9F5C2F608}"
EndProject
Project("{9A19103F-16F7-4668-BE54-9A1E7A4F7556}") = "WHO.NOK.Core", "WHO.NOK.Core\WHO.NOK.Core.csproj", "{3F209BF1-E7AF-4EEF-9728-783EA1025F9C}"
EndProject
Project("{9A19103F-16F7-4668-BE54-9A1E7A4F7556}") = "WHO.NOK.Test", "WHO.NOK.Test\WHO.NOK.Test.csproj", "{4D4F196B-220D-4953-9681-4B66DC17B58D}"
EndProject
Project("{9A19103F-16F7-4668-BE54-9A1E7A4F7556}") = "WHO.NOK.Infrastructure", "WHO.NOK.Infrastructure\WHO.NOK.Infrastructure.csproj", "{3A8FBD70-384C-4262-824A-85A2E9F6EFF5}"
EndProject
Project("{00D1A9C2-B5F0-4AF3-8072-F6C62B433612}") = "WHO.NOK.Database", "WHO.NOK.Database\WHO.NOK.Database.sqlproj", "{9A75A101-FFE0-4912-9065-B66B04D1500C}"
EndProject
Global
	GlobalSection(SolutionConfigurationPlatforms) = preSolution
		Debug|Any CPU = Debug|Any CPU
		Release|Any CPU = Release|Any CPU
	EndGlobalSection
	GlobalSection(ProjectConfigurationPlatforms) = postSolution
		{FC0D8B09-F013-48C7-9802-ED136C3769FC}.Debug|Any CPU.ActiveCfg = Debug|Any CPU
		{FC0D8B09-F013-48C7-9802-ED136C3769FC}.Debug|Any CPU.Build.0 = Debug|Any CPU
		{FC0D8B09-F013-48C7-9802-ED136C3769FC}.Release|Any CPU.ActiveCfg = Release|Any CPU
		{FC0D8B09-F013-48C7-9802-ED136C3769FC}.Release|Any CPU.Build.0 = Release|Any CPU
		{254DFC6C-84A6-4DF9-AF1B-72D9F5C2F608}.Debug|Any CPU.ActiveCfg = Debug|Any CPU
		{254DFC6C-84A6-4DF9-AF1B-72D9F5C2F608}.Debug|Any CPU.Build.0 = Debug|Any CPU
		{254DFC6C-84A6-4DF9-AF1B-72D9F5C2F608}.Release|Any CPU.ActiveCfg = Release|Any CPU
		{254DFC6C-84A6-4DF9-AF1B-72D9F5C2F608}.Release|Any CPU.Build.0 = Release|Any CPU
		{3F209BF1-E7AF-4EEF-9728-783EA1025F9C}.Debug|Any CPU.ActiveCfg = Debug|Any CPU
		{3F209BF1-E7AF-4EEF-9728-783EA1025F9C}.Debug|Any CPU.Build.0 = Debug|Any CPU
		{3F209BF1-E7AF-4EEF-9728-783EA1025F9C}.Release|Any CPU.ActiveCfg = Release|Any CPU
		{3F209BF1-E7AF-4EEF-9728-783EA1025F9C}.Release|Any CPU.Build.0 = Release|Any CPU
		{4D4F196B-220D-4953-9681-4B66DC17B58D}.Debug|Any CPU.ActiveCfg = Debug|Any CPU
		{4D4F196B-220D-4953-9681-4B66DC17B58D}.Debug|Any CPU.Build.0 = Debug|Any CPU
		{4D4F196B-220D-4953-9681-4B66DC17B58D}.Release|Any CPU.ActiveCfg = Release|Any CPU
		{4D4F196B-220D-4953-9681-4B66DC17B58D}.Release|Any CPU.Build.0 = Release|Any CPU
		{3A8FBD70-384C-4262-824A-85A2E9F6EFF5}.Debug|Any CPU.ActiveCfg = Debug|Any CPU
		{3A8FBD70-384C-4262-824A-85A2E9F6EFF5}.Debug|Any CPU.Build.0 = Debug|Any CPU
		{3A8FBD70-384C-4262-824A-85A2E9F6EFF5}.Release|Any CPU.ActiveCfg = Release|Any CPU
		{3A8FBD70-384C-4262-824A-85A2E9F6EFF5}.Release|Any CPU.Build.0 = Release|Any CPU
		{9A75A101-FFE0-4912-9065-B66B04D1500C}.Debug|Any CPU.ActiveCfg = Debug|Any CPU
		{9A75A101-FFE0-4912-9065-B66B04D1500C}.Debug|Any CPU.Build.0 = Debug|Any CPU
		{9A75A101-FFE0-4912-9065-B66B04D1500C}.Debug|Any CPU.Deploy.0 = Debug|Any CPU
		{9A75A101-FFE0-4912-9065-B66B04D1500C}.Release|Any CPU.ActiveCfg = Release|Any CPU
		{9A75A101-FFE0-4912-9065-B66B04D1500C}.Release|Any CPU.Build.0 = Release|Any CPU
		{9A75A101-FFE0-4912-9065-B66B04D1500C}.Release|Any CPU.Deploy.0 = Release|Any CPU
	EndGlobalSection
	GlobalSection(SolutionProperties) = preSolution
		HideSolutionNode = FALSE
	EndGlobalSection
	GlobalSection(ExtensibilityGlobals) = postSolution
		SolutionGuid = {FD36DCE2-86E0-4C5C-8E98-9029538502DF}
	EndGlobalSection
EndGlobal
